
Microsoft Visual Studio Solution File, Format Version 12.00
# Visual Studio Version 16
VisualStudioVersion = 16.0.33027.164
MinimumVisualStudioVersion = 10.0.40219.1
Project("{FAE04EC0-301F-11D3-BF4B-00C04F79EFBC}") = "progg+db", "progg+db\progg+db.csproj", "{5F01AB9E-1713-4385-A499-A7A787DEA8F4}"
EndProject
Global
	GlobalSection(SolutionConfigurationPlatforms) = preSolution
		Debug|Any CPU = Debug|Any CPU
		Release|Any CPU = Release|Any CPU
	EndGlobalSection
	GlobalSection(ProjectConfigurationPlatforms) = postSolution
		{5F01AB9E-1713-4385-A499-A7A787DEA8F4}.Debug|Any CPU.ActiveCfg = Debug|Any CPU
		{5F01AB9E-1713-4385-A499-A7A787DEA8F4}.Debug|Any CPU.Build.0 = Debug|Any CPU
		{5F01AB9E-1713-4385-A499-A7A787DEA8F4}.Release|Any CPU.ActiveCfg = Release|Any CPU
		{5F01AB9E-1713-4385-A499-A7A787DEA8F4}.Release|Any CPU.Build.0 = Release|Any CPU
	EndGlobalSection
	GlobalSection(SolutionProperties) = preSolution
		HideSolutionNode = FALSE
	EndGlobalSection
	GlobalSection(ExtensibilityGlobals) = postSolution
		SolutionGuid = {A8572E7A-45CB-4724-9FEA-B5C8E1C78BEF}
	EndGlobalSection
EndGlobal
